
Microsoft Visual Studio Solution File, Format Version 12.00
# Visual Studio Version 16
VisualStudioVersion = 16.0.33423.256
MinimumVisualStudioVersion = 10.0.40219.1
Project("{FAE04EC0-301F-11D3-BF4B-00C04F79EFBC}") = "Invasion_launcher", "Invasion_launcher\Invasion_launcher.csproj", "{74412E4F-A61F-4FD3-8C58-CC33C28C208D}"
EndProject
Global
	GlobalSection(SolutionConfigurationPlatforms) = preSolution
		Debug|Any CPU = Debug|Any CPU
		Release|Any CPU = Release|Any CPU
	EndGlobalSection
	GlobalSection(ProjectConfigurationPlatforms) = postSolution
		{74412E4F-A61F-4FD3-8C58-CC33C28C208D}.Debug|Any CPU.ActiveCfg = Debug|Any CPU
		{74412E4F-A61F-4FD3-8C58-CC33C28C208D}.Debug|Any CPU.Build.0 = Debug|Any CPU
		{74412E4F-A61F-4FD3-8C58-CC33C28C208D}.Release|Any CPU.ActiveCfg = Release|Any CPU
		{74412E4F-A61F-4FD3-8C58-CC33C28C208D}.Release|Any CPU.Build.0 = Release|Any CPU
	EndGlobalSection
	GlobalSection(SolutionProperties) = preSolution
		HideSolutionNode = FALSE
	EndGlobalSection
	GlobalSection(ExtensibilityGlobals) = postSolution
		SolutionGuid = {773276EB-AE78-407F-9D5B-752B7AD9CA32}
	EndGlobalSection
EndGlobal
